
Microsoft Visual Studio Solution File, Format Version 12.00
# Visual Studio Version 17
VisualStudioVersion = 17.5.002.0
MinimumVisualStudioVersion = 10.0.40219.1
Project("{9A19103F-16F7-4668-BE54-9A1E7A4F7556}") = "DataversePerfTest", "src\DataversePerfTest.csproj", "{A9E861E6-B39E-4E52-8EB1-72BF1021B53E}"
EndProject
Global
	GlobalSection(SolutionConfigurationPlatforms) = preSolution
		Debug|Any CPU = Debug|Any CPU
		Release|Any CPU = Release|Any CPU
	EndGlobalSection
	GlobalSection(ProjectConfigurationPlatforms) = postSolution
		{A9E861E6-B39E-4E52-8EB1-72BF1021B53E}.Debug|Any CPU.ActiveCfg = Debug|Any CPU
		{A9E861E6-B39E-4E52-8EB1-72BF1021B53E}.Debug|Any CPU.Build.0 = Debug|Any CPU
		{A9E861E6-B39E-4E52-8EB1-72BF1021B53E}.Release|Any CPU.ActiveCfg = Release|Any CPU
		{A9E861E6-B39E-4E52-8EB1-72BF1021B53E}.Release|Any CPU.Build.0 = Release|Any CPU
	EndGlobalSection
	GlobalSection(SolutionProperties) = preSolution
		HideSolutionNode = FALSE
	EndGlobalSection
	GlobalSection(ExtensibilityGlobals) = postSolution
		SolutionGuid = {1B51E295-94E1-4EF2-A982-409ADFD322F4}
	EndGlobalSection
EndGlobal
