
Microsoft Visual Studio Solution File, Format Version 12.00
# Visual Studio Version 17
VisualStudioVersion = 17.5.002.0
MinimumVisualStudioVersion = 10.0.40219.1
Project("{9A19103F-16F7-4668-BE54-9A1E7A4F7556}") = "VehicleInspectionAI", "VehicleInspectionAI.csproj", "{6A23E1C7-D21C-4A57-B874-B93E9D2FC644}"
EndProject
Global
	GlobalSection(SolutionConfigurationPlatforms) = preSolution
		Debug|Any CPU = Debug|Any CPU
		Release|Any CPU = Release|Any CPU
	EndGlobalSection
	GlobalSection(ProjectConfigurationPlatforms) = postSolution
		{6A23E1C7-D21C-4A57-B874-B93E9D2FC644}.Debug|Any CPU.ActiveCfg = Debug|Any CPU
		{6A23E1C7-D21C-4A57-B874-B93E9D2FC644}.Debug|Any CPU.Build.0 = Debug|Any CPU
		{6A23E1C7-D21C-4A57-B874-B93E9D2FC644}.Release|Any CPU.ActiveCfg = Release|Any CPU
		{6A23E1C7-D21C-4A57-B874-B93E9D2FC644}.Release|Any CPU.Build.0 = Release|Any CPU
	EndGlobalSection
	GlobalSection(SolutionProperties) = preSolution
		HideSolutionNode = FALSE
	EndGlobalSection
	GlobalSection(ExtensibilityGlobals) = postSolution
		SolutionGuid = {7D41A2D0-03FC-40F8-B54C-726FD48AC52B}
	EndGlobalSection
EndGlobal
