Microsoft Visual Studio Solution File, Format Version 12.00
# Visual Studio Version 17
VisualStudioVersion = 17.5.2.0
MinimumVisualStudioVersion = 10.0.40219.1
Project("{FAE04EC0-301F-11D3-BF4B-00C04F79EFBC}") = "TIMEEAPI", "TIMEEAPI.csproj", "{6A28ABEC-2907-29CD-66E1-76DCCCC99CF1}"
EndProject
Global
	GlobalSection(SolutionConfigurationPlatforms) = preSolution
		Debug|Any CPU = Debug|Any CPU
		Release|Any CPU = Release|Any CPU
	EndGlobalSection
	GlobalSection(ProjectConfigurationPlatforms) = postSolution
		{6A28ABEC-2907-29CD-66E1-76DCCCC99CF1}.Debug|Any CPU.ActiveCfg = Debug|Any CPU
		{6A28ABEC-2907-29CD-66E1-76DCCCC99CF1}.Debug|Any CPU.Build.0 = Debug|Any CPU
		{6A28ABEC-2907-29CD-66E1-76DCCCC99CF1}.Release|Any CPU.ActiveCfg = Release|Any CPU
		{6A28ABEC-2907-29CD-66E1-76DCCCC99CF1}.Release|Any CPU.Build.0 = Release|Any CPU
	EndGlobalSection
	GlobalSection(SolutionProperties) = preSolution
		HideSolutionNode = FALSE
	EndGlobalSection
	GlobalSection(ExtensibilityGlobals) = postSolution
		SolutionGuid = {75EE0DD5-CB5F-42E0-BF50-BFD9276086B8}
	EndGlobalSection
EndGlobal
