Microsoft Visual Studio Solution File, Format Version 12.00
# Visual Studio Version 17
VisualStudioVersion = 17.5.2.0
MinimumVisualStudioVersion = 10.0.40219.1
Project("{FAE04EC0-301F-11D3-BF4B-00C04F79EFBC}") = "AnimalID", "src\AnimalID.csproj", "{FBD9B207-D044-E372-AF94-9DC894F44085}"
EndProject
Global
	GlobalSection(SolutionConfigurationPlatforms) = preSolution
		Debug|Any CPU = Debug|Any CPU
		Release|Any CPU = Release|Any CPU
	EndGlobalSection
	GlobalSection(ProjectConfigurationPlatforms) = postSolution
		{FBD9B207-D044-E372-AF94-9DC894F44085}.Debug|Any CPU.ActiveCfg = Debug|Any CPU
		{FBD9B207-D044-E372-AF94-9DC894F44085}.Debug|Any CPU.Build.0 = Debug|Any CPU
		{FBD9B207-D044-E372-AF94-9DC894F44085}.Release|Any CPU.ActiveCfg = Release|Any CPU
		{FBD9B207-D044-E372-AF94-9DC894F44085}.Release|Any CPU.Build.0 = Release|Any CPU
	EndGlobalSection
	GlobalSection(SolutionProperties) = preSolution
		HideSolutionNode = FALSE
	EndGlobalSection
	GlobalSection(ExtensibilityGlobals) = postSolution
		SolutionGuid = {8BF2D4FF-B659-40BA-938B-6389FA14D89C}
	EndGlobalSection
EndGlobal
